// !$*UTF8*$!
{
	archiveVersion = 1;
	classes = {
	};
	objectVersion = 46;
	objects = {

/* Begin PBXBuildFile section */
		51340CF7550A8A125BBA46D7 /* libPods-LOLHeroShow.a in Frameworks */ = {isa = PBXBuildFile; fileRef = CCC3BF90A7D8A616B3CDE4D3 /* libPods-LOLHeroShow.a */; };
		85AFF1061D1B64A900B0D27F /* main.m in Sources */ = {isa = PBXBuildFile; fileRef = 85AFF1051D1B64A900B0D27F /* main.m */; };
		85AFF1091D1B64A900B0D27F /* AppDelegate.m in Sources */ = {isa = PBXBuildFile; fileRef = 85AFF1081D1B64A900B0D27F /* AppDelegate.m */; };
		85AFF1111D1B64A900B0D27F /* Assets.xcassets in Resources */ = {isa = PBXBuildFile; fileRef = 85AFF1101D1B64A900B0D27F /* Assets.xcassets */; };
		85AFF11C1D1BFCF500B0D27F /* PodFile in Resources */ = {isa = PBXBuildFile; fileRef = 85AFF11B1D1BFCF500B0D27F /* PodFile */; };
		85B6D70F1D20BCDC00A77158 /* Search (1).png in Resources */ = {isa = PBXBuildFile; fileRef = 85B6D70E1D20BCDC00A77158 /* Search (1).png */; };
		85B6D7111D20C03300A77158 /* 11.png in Resources */ = {isa = PBXBuildFile; fileRef = 85B6D7101D20C03300A77158 /* 11.png */; };
		85B6D7141D20C14100A77158 /* u=3934249749,1870158272&fm=21&gp=0.jpg in Resources */ = {isa = PBXBuildFile; fileRef = 85B6D7121D20C14100A77158 /* u=3934249749,1870158272&fm=21&gp=0.jpg */; };
		85B6D7151D20C14100A77158 /* u=2373384166,770149909&fm=21&gp=0.jpg in Resources */ = {isa = PBXBuildFile; fileRef = 85B6D7131D20C14100A77158 /* u=2373384166,770149909&fm=21&gp=0.jpg */; };
		85DB41561D20D4F30045DA86 /* WelcomeLOLViewController.m in Sources */ = {isa = PBXBuildFile; fileRef = 85DB41551D20D4F30045DA86 /* WelcomeLOLViewController.m */; };
		85DB41581D20D55B0045DA86 /* 叫我张小歪丶 - 英雄联盟语音串烧-1.mp3 in Resources */ = {isa = PBXBuildFile; fileRef = 85DB41571D20D55B0045DA86 /* 叫我张小歪丶 - 英雄联盟语音串烧-1.mp3 */; };
		85DB41A81D20DCAB0045DA86 /* HeroShowHubView.m in Sources */ = {isa = PBXBuildFile; fileRef = 85DB41951D20DCAB0045DA86 /* HeroShowHubView.m */; };
		85DB41A91D20DCAB0045DA86 /* HeroShowHubView.xib in Resources */ = {isa = PBXBuildFile; fileRef = 85DB41961D20DCAB0045DA86 /* HeroShowHubView.xib */; };
		85DB41AE1D20DCAB0045DA86 /* HeroDescriptionTableViewController.m in Sources */ = {isa = PBXBuildFile; fileRef = 85DB41A01D20DCAB0045DA86 /* HeroDescriptionTableViewController.m */; };
		85DB41AF1D20DCAB0045DA86 /* HeroDescriptionTableViewController.xib in Resources */ = {isa = PBXBuildFile; fileRef = 85DB41A11D20DCAB0045DA86 /* HeroDescriptionTableViewController.xib */; };
		85DB41BC1D20F8A00045DA86 /* AllHeroTableViewCell.m in Sources */ = {isa = PBXBuildFile; fileRef = 85DB41B21D20F8A00045DA86 /* AllHeroTableViewCell.m */; };
		85DB41BD1D20F8A00045DA86 /* AllHeroTableViewCell.xib in Resources */ = {isa = PBXBuildFile; fileRef = 85DB41B31D20F8A00045DA86 /* AllHeroTableViewCell.xib */; };
		85DB41BE1D20F8A00045DA86 /* MyHeroTableViewCell.m in Sources */ = {isa = PBXBuildFile; fileRef = 85DB41B61D20F8A00045DA86 /* MyHeroTableViewCell.m */; };
		85DB41BF1D20F8A00045DA86 /* MyHeroTableViewCell.xib in Resources */ = {isa = PBXBuildFile; fileRef = 85DB41B71D20F8A00045DA86 /* MyHeroTableViewCell.xib */; };
		85DB41C01D20F8A00045DA86 /* WeeklyFreeHeroTableViewCell.m in Sources */ = {isa = PBXBuildFile; fileRef = 85DB41BA1D20F8A00045DA86 /* WeeklyFreeHeroTableViewCell.m */; };
		85DB41C11D20F8A00045DA86 /* WeeklyFreeHeroTableViewCell.xib in Resources */ = {isa = PBXBuildFile; fileRef = 85DB41BB1D20F8A00045DA86 /* WeeklyFreeHeroTableViewCell.xib */; };
		85E1AF451D1C1F78001823B5 /* SearchViewController.m in Sources */ = {isa = PBXBuildFile; fileRef = 85E1AF441D1C1F78001823B5 /* SearchViewController.m */; };
		85E1AF491D1C20AC001823B5 /* MyCollectionViewCell.m in Sources */ = {isa = PBXBuildFile; fileRef = 85E1AF471D1C20AC001823B5 /* MyCollectionViewCell.m */; };
		85E1AF4A1D1C20AC001823B5 /* MyCollectionViewCell.xib in Resources */ = {isa = PBXBuildFile; fileRef = 85E1AF481D1C20AC001823B5 /* MyCollectionViewCell.xib */; };
		85E1AF4D1D1C216C001823B5 /* Video.m in Sources */ = {isa = PBXBuildFile; fileRef = 85E1AF4C1D1C216C001823B5 /* Video.m */; };
		85E1AF521D1C23E4001823B5 /* Utils.m in Sources */ = {isa = PBXBuildFile; fileRef = 85E1AF511D1C23E4001823B5 /* Utils.m */; };
		85E1AF551D1C2A88001823B5 /* WebViewController.m in Sources */ = {isa = PBXBuildFile; fileRef = 85E1AF541D1C2A88001823B5 /* WebViewController.m */; };
/* End PBXBuildFile section */

/* Begin PBXFileReference section */
		4023D80B43B49BFD660BE9AB /* Pods-LOLHeroShow.release.xcconfig */ = {isa = PBXFileReference; includeInIndex = 1; lastKnownFileType = text.xcconfig; name = "Pods-LOLHeroShow.release.xcconfig"; path = "Pods/Target Support Files/Pods-LOLHeroShow/Pods-LOLHeroShow.release.xcconfig"; sourceTree = "<group>"; };
		85AFF1011D1B64A900B0D27F /* LOLHeroShow.app */ = {isa = PBXFileReference; explicitFileType = wrapper.application; includeInIndex = 0; path = LOLHeroShow.app; sourceTree = BUILT_PRODUCTS_DIR; };
		85AFF1051D1B64A900B0D27F /* main.m */ = {isa = PBXFileReference; lastKnownFileType = sourcecode.c.objc; path = main.m; sourceTree = "<group>"; };
		85AFF1071D1B64A900B0D27F /* AppDelegate.h */ = {isa = PBXFileReference; lastKnownFileType = sourcecode.c.h; name = AppDelegate.h; path = ../../LOLHeroShow/AppDelegate.h; sourceTree = "<group>"; };
		85AFF1081D1B64A900B0D27F /* AppDelegate.m */ = {isa = PBXFileReference; lastKnownFileType = sourcecode.c.objc; name = AppDelegate.m; path = ../../LOLHeroShow/AppDelegate.m; sourceTree = "<group>"; };
		85AFF1101D1B64A900B0D27F /* Assets.xcassets */ = {isa = PBXFileReference; lastKnownFileType = folder.assetcatalog; path = Assets.xcassets; sourceTree = "<group>"; };
		85AFF1151D1B64A900B0D27F /* Info.plist */ = {isa = PBXFileReference; lastKnownFileType = text.plist.xml; path = Info.plist; sourceTree = "<group>"; };
		85AFF11B1D1BFCF500B0D27F /* PodFile */ = {isa = PBXFileReference; fileEncoding = 4; lastKnownFileType = text; path = PodFile; sourceTree = "<group>"; };
		85B6D70E1D20BCDC00A77158 /* Search (1).png */ = {isa = PBXFileReference; lastKnownFileType = image.png; path = "Search (1).png"; sourceTree = "<group>"; };
		85B6D7101D20C03300A77158 /* 11.png */ = {isa = PBXFileReference; lastKnownFileType = image.png; path = 11.png; sourceTree = "<group>"; };
		85B6D7121D20C14100A77158 /* u=3934249749,1870158272&fm=21&gp=0.jpg */ = {isa = PBXFileReference; lastKnownFileType = image.jpeg; path = "u=3934249749,1870158272&fm=21&gp=0.jpg"; sourceTree = "<group>"; };
		85B6D7131D20C14100A77158 /* u=2373384166,770149909&fm=21&gp=0.jpg */ = {isa = PBXFileReference; lastKnownFileType = image.jpeg; path = "u=2373384166,770149909&fm=21&gp=0.jpg"; sourceTree = "<group>"; };
		85DB41541D20D4F30045DA86 /* WelcomeLOLViewController.h */ = {isa = PBXFileReference; fileEncoding = 4; lastKnownFileType = sourcecode.c.h; path = WelcomeLOLViewController.h; sourceTree = "<group>"; };
		85DB41551D20D4F30045DA86 /* WelcomeLOLViewController.m */ = {isa = PBXFileReference; fileEncoding = 4; lastKnownFileType = sourcecode.c.objc; path = WelcomeLOLViewController.m; sourceTree = "<group>"; };
		85DB41571D20D55B0045DA86 /* 叫我张小歪丶 - 英雄联盟语音串烧-1.mp3 */ = {isa = PBXFileReference; lastKnownFileType = audio.mp3; path = "叫我张小歪丶 - 英雄联盟语音串烧-1.mp3"; sourceTree = "<group>"; };
		85DB41941D20DCAB0045DA86 /* HeroShowHubView.h */ = {isa = PBXFileReference; fileEncoding = 4; lastKnownFileType = sourcecode.c.h; path = HeroShowHubView.h; sourceTree = "<group>"; };
		85DB41951D20DCAB0045DA86 /* HeroShowHubView.m */ = {isa = PBXFileReference; fileEncoding = 4; lastKnownFileType = sourcecode.c.objc; path = HeroShowHubView.m; sourceTree = "<group>"; };
		85DB41961D20DCAB0045DA86 /* HeroShowHubView.xib */ = {isa = PBXFileReference; fileEncoding = 4; lastKnownFileType = file.xib; path = HeroShowHubView.xib; sourceTree = "<group>"; };
		85DB419F1D20DCAB0045DA86 /* HeroDescriptionTableViewController.h */ = {isa = PBXFileReference; fileEncoding = 4; lastKnownFileType = sourcecode.c.h; path = HeroDescriptionTableViewController.h; sourceTree = "<group>"; };
		85DB41A01D20DCAB0045DA86 /* HeroDescriptionTableViewController.m */ = {isa = PBXFileReference; fileEncoding = 4; lastKnownFileType = sourcecode.c.objc; path = HeroDescriptionTableViewController.m; sourceTree = "<group>"; };
		85DB41A11D20DCAB0045DA86 /* HeroDescriptionTableViewController.xib */ = {isa = PBXFileReference; fileEncoding = 4; lastKnownFileType = file.xib; path = HeroDescriptionTableViewController.xib; sourceTree = "<group>"; };
		85DB41B11D20F8A00045DA86 /* AllHeroTableViewCell.h */ = {isa = PBXFileReference; fileEncoding = 4; lastKnownFileType = sourcecode.c.h; path = AllHeroTableViewCell.h; sourceTree = "<group>"; };
		85DB41B21D20F8A00045DA86 /* AllHeroTableViewCell.m */ = {isa = PBXFileReference; fileEncoding = 4; lastKnownFileType = sourcecode.c.objc; path = AllHeroTableViewCell.m; sourceTree = "<group>"; };
		85DB41B31D20F8A00045DA86 /* AllHeroTableViewCell.xib */ = {isa = PBXFileReference; fileEncoding = 4; lastKnownFileType = file.xib; path = AllHeroTableViewCell.xib; sourceTree = "<group>"; };
		85DB41B51D20F8A00045DA86 /* MyHeroTableViewCell.h */ = {isa = PBXFileReference; fileEncoding = 4; lastKnownFileType = sourcecode.c.h; path = MyHeroTableViewCell.h; sourceTree = "<group>"; };
		85DB41B61D20F8A00045DA86 /* MyHeroTableViewCell.m */ = {isa = PBXFileReference; fileEncoding = 4; lastKnownFileType = sourcecode.c.objc; path = MyHeroTableViewCell.m; sourceTree = "<group>"; };
		85DB41B71D20F8A00045DA86 /* MyHeroTableViewCell.xib */ = {isa = PBXFileReference; fileEncoding = 4; lastKnownFileType = file.xib; path = MyHeroTableViewCell.xib; sourceTree = "<group>"; };
		85DB41B91D20F8A00045DA86 /* WeeklyFreeHeroTableViewCell.h */ = {isa = PBXFileReference; fileEncoding = 4; lastKnownFileType = sourcecode.c.h; path = WeeklyFreeHeroTableViewCell.h; sourceTree = "<group>"; };
		85DB41BA1D20F8A00045DA86 /* WeeklyFreeHeroTableViewCell.m */ = {isa = PBXFileReference; fileEncoding = 4; lastKnownFileType = sourcecode.c.objc; path = WeeklyFreeHeroTableViewCell.m; sourceTree = "<group>"; };
		85DB41BB1D20F8A00045DA86 /* WeeklyFreeHeroTableViewCell.xib */ = {isa = PBXFileReference; fileEncoding = 4; lastKnownFileType = file.xib; path = WeeklyFreeHeroTableViewCell.xib; sourceTree = "<group>"; };
		85E1AF431D1C1F78001823B5 /* SearchViewController.h */ = {isa = PBXFileReference; fileEncoding = 4; lastKnownFileType = sourcecode.c.h; path = SearchViewController.h; sourceTree = "<group>"; };
		85E1AF441D1C1F78001823B5 /* SearchViewController.m */ = {isa = PBXFileReference; fileEncoding = 4; lastKnownFileType = sourcecode.c.objc; path = SearchViewController.m; sourceTree = "<group>"; };
		85E1AF461D1C20AC001823B5 /* MyCollectionViewCell.h */ = {isa = PBXFileReference; fileEncoding = 4; lastKnownFileType = sourcecode.c.h; path = MyCollectionViewCell.h; sourceTree = "<group>"; };
		85E1AF471D1C20AC001823B5 /* MyCollectionViewCell.m */ = {isa = PBXFileReference; fileEncoding = 4; lastKnownFileType = sourcecode.c.objc; path = MyCollectionViewCell.m; sourceTree = "<group>"; };
		85E1AF481D1C20AC001823B5 /* MyCollectionViewCell.xib */ = {isa = PBXFileReference; fileEncoding = 4; lastKnownFileType = file.xib; path = MyCollectionViewCell.xib; sourceTree = "<group>"; };
		85E1AF4B1D1C216C001823B5 /* Video.h */ = {isa = PBXFileReference; fileEncoding = 4; lastKnownFileType = sourcecode.c.h; path = Video.h; sourceTree = "<group>"; };
		85E1AF4C1D1C216C001823B5 /* Video.m */ = {isa = PBXFileReference; fileEncoding = 4; lastKnownFileType = sourcecode.c.objc; path = Video.m; sourceTree = "<group>"; };
		85E1AF501D1C23E4001823B5 /* Utils.h */ = {isa = PBXFileReference; fileEncoding = 4; lastKnownFileType = sourcecode.c.h; path = Utils.h; sourceTree = "<group>"; };
		85E1AF511D1C23E4001823B5 /* Utils.m */ = {isa = PBXFileReference; fileEncoding = 4; lastKnownFileType = sourcecode.c.objc; path = Utils.m; sourceTree = "<group>"; };
		85E1AF531D1C2A88001823B5 /* WebViewController.h */ = {isa = PBXFileReference; fileEncoding = 4; lastKnownFileType = sourcecode.c.h; path = WebViewController.h; sourceTree = "<group>"; };
		85E1AF541D1C2A88001823B5 /* WebViewController.m */ = {isa = PBXFileReference; fileEncoding = 4; lastKnownFileType = sourcecode.c.objc; path = WebViewController.m; sourceTree = "<group>"; };
		CCC3BF90A7D8A616B3CDE4D3 /* libPods-LOLHeroShow.a */ = {isa = PBXFileReference; explicitFileType = archive.ar; includeInIndex = 0; path = "libPods-LOLHeroShow.a"; sourceTree = BUILT_PRODUCTS_DIR; };
		F211FCA7E9A64C450334D7F2 /* Pods-LOLHeroShow.debug.xcconfig */ = {isa = PBXFileReference; includeInIndex = 1; lastKnownFileType = text.xcconfig; name = "Pods-LOLHeroShow.debug.xcconfig"; path = "Pods/Target Support Files/Pods-LOLHeroShow/Pods-LOLHeroShow.debug.xcconfig"; sourceTree = "<group>"; };
/* End PBXFileReference section */

/* Begin PBXFrameworksBuildPhase section */
		85AFF0FE1D1B64A900B0D27F /* Frameworks */ = {
			isa = PBXFrameworksBuildPhase;
			buildActionMask = 2147483647;
			files = (
				51340CF7550A8A125BBA46D7 /* libPods-LOLHeroShow.a in Frameworks */,
			);
			runOnlyForDeploymentPostprocessing = 0;
		};
/* End PBXFrameworksBuildPhase section */

/* Begin PBXGroup section */
		64F4D8CBB743AABFDBFE8399 /* Frameworks */ = {
			isa = PBXGroup;
			children = (
				CCC3BF90A7D8A616B3CDE4D3 /* libPods-LOLHeroShow.a */,
			);
			name = Frameworks;
			sourceTree = "<group>";
		};
		85AFF0F81D1B64A900B0D27F = {
			isa = PBXGroup;
			children = (
				85AFF11B1D1BFCF500B0D27F /* PodFile */,
				85AFF1031D1B64A900B0D27F /* LOLHeroShow */,
				85AFF1021D1B64A900B0D27F /* Products */,
				E601308169D5F513E8189041 /* Pods */,
				64F4D8CBB743AABFDBFE8399 /* Frameworks */,
			);
			sourceTree = "<group>";
		};
		85AFF1021D1B64A900B0D27F /* Products */ = {
			isa = PBXGroup;
			children = (
				85AFF1011D1B64A900B0D27F /* LOLHeroShow.app */,
			);
			name = Products;
			sourceTree = "<group>";
		};
		85AFF1031D1B64A900B0D27F /* LOLHeroShow */ = {
			isa = PBXGroup;
			children = (
				85DB418F1D20DCAB0045DA86 /* Hero(英雄界面) */,
				85AFF1581D1C1A5700B0D27F /* Main */,
				85AFF1541D1C1A0C00B0D27F /* Welcome(欢迎界面) */,
				85AFF1501D1C1A0300B0D27F /* SearchResult(搜索结果界面) */,
				85AFF14C1D1C19FD00B0D27F /* Search(搜索界面) */,
				85AFF1481D1C19F500B0D27F /* Person(个人界面) */,
				85AFF1041D1B64A900B0D27F /* Supporting Files */,
			);
			path = LOLHeroShow;
			sourceTree = "<group>";
		};
		85AFF1041D1B64A900B0D27F /* Supporting Files */ = {
			isa = PBXGroup;
			children = (
				85AFF1101D1B64A900B0D27F /* Assets.xcassets */,
				85DB41571D20D55B0045DA86 /* 叫我张小歪丶 - 英雄联盟语音串烧-1.mp3 */,
				85B6D7121D20C14100A77158 /* u=3934249749,1870158272&fm=21&gp=0.jpg */,
				85B6D7131D20C14100A77158 /* u=2373384166,770149909&fm=21&gp=0.jpg */,
				85B6D7101D20C03300A77158 /* 11.png */,
				85B6D70E1D20BCDC00A77158 /* Search (1).png */,
				85AFF1151D1B64A900B0D27F /* Info.plist */,
				85AFF1051D1B64A900B0D27F /* main.m */,
			);
			name = "Supporting Files";
			sourceTree = "<group>";
		};
		85AFF1481D1C19F500B0D27F /* Person(个人界面) */ = {
			isa = PBXGroup;
			children = (
				85AFF1491D1C19F500B0D27F /* Controller */,
				85AFF14A1D1C19F500B0D27F /* Model */,
				85AFF14B1D1C19F500B0D27F /* View */,
			);
			path = "Person(个人界面)";
			sourceTree = "<group>";
		};
		85AFF1491D1C19F500B0D27F /* Controller */ = {
			isa = PBXGroup;
			children = (
			);
			path = Controller;
			sourceTree = "<group>";
		};
		85AFF14A1D1C19F500B0D27F /* Model */ = {
			isa = PBXGroup;
			children = (
			);
			path = Model;
			sourceTree = "<group>";
		};
		85AFF14B1D1C19F500B0D27F /* View */ = {
			isa = PBXGroup;
			children = (
			);
			path = View;
			sourceTree = "<group>";
		};
		85AFF14C1D1C19FD00B0D27F /* Search(搜索界面) */ = {
			isa = PBXGroup;
			children = (
				85AFF14D1D1C19FD00B0D27F /* Controller */,
				85AFF14E1D1C19FD00B0D27F /* Model */,
				85AFF14F1D1C19FD00B0D27F /* View */,
			);
			path = "Search(搜索界面)";
			sourceTree = "<group>";
		};
		85AFF14D1D1C19FD00B0D27F /* Controller */ = {
			isa = PBXGroup;
			children = (
				85E1AF431D1C1F78001823B5 /* SearchViewController.h */,
				85E1AF441D1C1F78001823B5 /* SearchViewController.m */,
				85E1AF531D1C2A88001823B5 /* WebViewController.h */,
				85E1AF541D1C2A88001823B5 /* WebViewController.m */,
			);
			path = Controller;
			sourceTree = "<group>";
		};
		85AFF14E1D1C19FD00B0D27F /* Model */ = {
			isa = PBXGroup;
			children = (
				85E1AF4B1D1C216C001823B5 /* Video.h */,
				85E1AF4C1D1C216C001823B5 /* Video.m */,
			);
			path = Model;
			sourceTree = "<group>";
		};
		85AFF14F1D1C19FD00B0D27F /* View */ = {
			isa = PBXGroup;
			children = (
				85E1AF461D1C20AC001823B5 /* MyCollectionViewCell.h */,
				85E1AF471D1C20AC001823B5 /* MyCollectionViewCell.m */,
				85E1AF481D1C20AC001823B5 /* MyCollectionViewCell.xib */,
			);
			path = View;
			sourceTree = "<group>";
		};
		85AFF1501D1C1A0300B0D27F /* SearchResult(搜索结果界面) */ = {
			isa = PBXGroup;
			children = (
				85AFF1511D1C1A0300B0D27F /* Controller */,
				85AFF1521D1C1A0300B0D27F /* Model */,
				85AFF1531D1C1A0300B0D27F /* View */,
			);
			path = "SearchResult(搜索结果界面)";
			sourceTree = "<group>";
		};
		85AFF1511D1C1A0300B0D27F /* Controller */ = {
			isa = PBXGroup;
			children = (
			);
			path = Controller;
			sourceTree = "<group>";
		};
		85AFF1521D1C1A0300B0D27F /* Model */ = {
			isa = PBXGroup;
			children = (
			);
			path = Model;
			sourceTree = "<group>";
		};
		85AFF1531D1C1A0300B0D27F /* View */ = {
			isa = PBXGroup;
			children = (
			);
			path = View;
			sourceTree = "<group>";
		};
		85AFF1541D1C1A0C00B0D27F /* Welcome(欢迎界面) */ = {
			isa = PBXGroup;
			children = (
				85AFF1551D1C1A0C00B0D27F /* Controller */,
				85AFF1561D1C1A0C00B0D27F /* Model */,
				85AFF1571D1C1A0C00B0D27F /* View */,
			);
			path = "Welcome(欢迎界面)";
			sourceTree = "<group>";
		};
		85AFF1551D1C1A0C00B0D27F /* Controller */ = {
			isa = PBXGroup;
			children = (
				85DB41541D20D4F30045DA86 /* WelcomeLOLViewController.h */,
				85DB41551D20D4F30045DA86 /* WelcomeLOLViewController.m */,
			);
			path = Controller;
			sourceTree = "<group>";
		};
		85AFF1561D1C1A0C00B0D27F /* Model */ = {
			isa = PBXGroup;
			children = (
			);
			path = Model;
			sourceTree = "<group>";
		};
		85AFF1571D1C1A0C00B0D27F /* View */ = {
			isa = PBXGroup;
			children = (
			);
			path = View;
			sourceTree = "<group>";
		};
		85AFF1581D1C1A5700B0D27F /* Main */ = {
			isa = PBXGroup;
			children = (
				85E1AF4F1D1C2393001823B5 /* Utils */,
				85E1AF4E1D1C2385001823B5 /* Other */,
				85AFF1591D1C1A5700B0D27F /* Controller */,
				85AFF15A1D1C1A5700B0D27F /* Model */,
				85AFF15B1D1C1A5700B0D27F /* View */,
			);
			name = Main;
			path = ../Main;
			sourceTree = "<group>";
		};
		85AFF1591D1C1A5700B0D27F /* Controller */ = {
			isa = PBXGroup;
			children = (
				85AFF1071D1B64A900B0D27F /* AppDelegate.h */,
				85AFF1081D1B64A900B0D27F /* AppDelegate.m */,
			);
			path = Controller;
			sourceTree = "<group>";
		};
		85AFF15A1D1C1A5700B0D27F /* Model */ = {
			isa = PBXGroup;
			children = (
			);
			path = Model;
			sourceTree = "<group>";
		};
		85AFF15B1D1C1A5700B0D27F /* View */ = {
			isa = PBXGroup;
			children = (
			);
			path = View;
			sourceTree = "<group>";
		};
		85DB418F1D20DCAB0045DA86 /* Hero(英雄界面) */ = {
			isa = PBXGroup;
			children = (
				85DB41901D20DCAB0045DA86 /* Controller */,
				85DB419D1D20DCAB0045DA86 /* HeroDescription(英雄描述界面) */,
				85DB41A41D20DCAB0045DA86 /* Model */,
				85DB41A51D20DCAB0045DA86 /* View */,
			);
			name = "Hero(英雄界面)";
			path = "Search(搜索界面)/Hero(英雄界面)";
			sourceTree = "<group>";
		};
		85DB41901D20DCAB0045DA86 /* Controller */ = {
			isa = PBXGroup;
			children = (
				85DB41B01D20F8A00045DA86 /* tableview全部英雄 */,
				85DB41B41D20F8A00045DA86 /* tableview我的英雄 */,
				85DB41B81D20F8A00045DA86 /* tableview周免英雄 */,
				85DB41941D20DCAB0045DA86 /* HeroShowHubView.h */,
				85DB41951D20DCAB0045DA86 /* HeroShowHubView.m */,
				85DB41961D20DCAB0045DA86 /* HeroShowHubView.xib */,
			);
			path = Controller;
			sourceTree = "<group>";
		};
		85DB419D1D20DCAB0045DA86 /* HeroDescription(英雄描述界面) */ = {
			isa = PBXGroup;
			children = (
				85DB419E1D20DCAB0045DA86 /* Controller */,
				85DB41A21D20DCAB0045DA86 /* Model */,
				85DB41A31D20DCAB0045DA86 /* View */,
			);
			path = "HeroDescription(英雄描述界面)";
			sourceTree = "<group>";
		};
		85DB419E1D20DCAB0045DA86 /* Controller */ = {
			isa = PBXGroup;
			children = (
				85DB419F1D20DCAB0045DA86 /* HeroDescriptionTableViewController.h */,
				85DB41A01D20DCAB0045DA86 /* HeroDescriptionTableViewController.m */,
				85DB41A11D20DCAB0045DA86 /* HeroDescriptionTableViewController.xib */,
			);
			path = Controller;
			sourceTree = "<group>";
		};
		85DB41A21D20DCAB0045DA86 /* Model */ = {
			isa = PBXGroup;
			children = (
			);
			path = Model;
			sourceTree = "<group>";
		};
		85DB41A31D20DCAB0045DA86 /* View */ = {
			isa = PBXGroup;
			children = (
			);
			path = View;
			sourceTree = "<group>";
		};
		85DB41A41D20DCAB0045DA86 /* Model */ = {
			isa = PBXGroup;
			children = (
			);
			path = Model;
			sourceTree = "<group>";
		};
		85DB41A51D20DCAB0045DA86 /* View */ = {
			isa = PBXGroup;
			children = (
			);
			path = View;
			sourceTree = "<group>";
		};
		85DB41B01D20F8A00045DA86 /* tableview全部英雄 */ = {
			isa = PBXGroup;
			children = (
				85DB41B11D20F8A00045DA86 /* AllHeroTableViewCell.h */,
				85DB41B21D20F8A00045DA86 /* AllHeroTableViewCell.m */,
				85DB41B31D20F8A00045DA86 /* AllHeroTableViewCell.xib */,
			);
			path = "tableview全部英雄";
			sourceTree = "<group>";
		};
		85DB41B41D20F8A00045DA86 /* tableview我的英雄 */ = {
			isa = PBXGroup;
			children = (
				85DB41B51D20F8A00045DA86 /* MyHeroTableViewCell.h */,
				85DB41B61D20F8A00045DA86 /* MyHeroTableViewCell.m */,
				85DB41B71D20F8A00045DA86 /* MyHeroTableViewCell.xib */,
			);
			path = "tableview我的英雄";
			sourceTree = "<group>";
		};
		85DB41B81D20F8A00045DA86 /* tableview周免英雄 */ = {
			isa = PBXGroup;
			children = (
				85DB41B91D20F8A00045DA86 /* WeeklyFreeHeroTableViewCell.h */,
				85DB41BA1D20F8A00045DA86 /* WeeklyFreeHeroTableViewCell.m */,
				85DB41BB1D20F8A00045DA86 /* WeeklyFreeHeroTableViewCell.xib */,
			);
			path = "tableview周免英雄";
			sourceTree = "<group>";
		};
		85E1AF4E1D1C2385001823B5 /* Other */ = {
			isa = PBXGroup;
			children = (
			);
			path = Other;
			sourceTree = "<group>";
		};
		85E1AF4F1D1C2393001823B5 /* Utils */ = {
			isa = PBXGroup;
			children = (
				85E1AF501D1C23E4001823B5 /* Utils.h */,
				85E1AF511D1C23E4001823B5 /* Utils.m */,
			);
			path = Utils;
			sourceTree = "<group>";
		};
		E601308169D5F513E8189041 /* Pods */ = {
			isa = PBXGroup;
			children = (
				F211FCA7E9A64C450334D7F2 /* Pods-LOLHeroShow.debug.xcconfig */,
				4023D80B43B49BFD660BE9AB /* Pods-LOLHeroShow.release.xcconfig */,
			);
			name = Pods;
			sourceTree = "<group>";
		};
/* End PBXGroup section */

/* Begin PBXNativeTarget section */
		85AFF1001D1B64A900B0D27F /* LOLHeroShow */ = {
			isa = PBXNativeTarget;
			buildConfigurationList = 85AFF1181D1B64A900B0D27F /* Build configuration list for PBXNativeTarget "LOLHeroShow" */;
			buildPhases = (
				3443A113CCD0DBFEAD0FAEFC /* [CP] Check Pods Manifest.lock */,
				85AFF0FD1D1B64A900B0D27F /* Sources */,
				85AFF0FE1D1B64A900B0D27F /* Frameworks */,
				85AFF0FF1D1B64A900B0D27F /* Resources */,
				93180E909AFD5C4DC649A0A6 /* [CP] Embed Pods Frameworks */,
				8D40C0F6F7D56916A4E43289 /* [CP] Copy Pods Resources */,
			);
			buildRules = (
			);
			dependencies = (
			);
			name = LOLHeroShow;
			productName = LOLHeroShow;
			productReference = 85AFF1011D1B64A900B0D27F /* LOLHeroShow.app */;
			productType = "com.apple.product-type.application";
		};
/* End PBXNativeTarget section */

/* Begin PBXProject section */
		85AFF0F91D1B64A900B0D27F /* Project object */ = {
			isa = PBXProject;
			attributes = {
				LastUpgradeCheck = 0710;
				ORGANIZATIONNAME = TR;
				TargetAttributes = {
					85AFF1001D1B64A900B0D27F = {
						CreatedOnToolsVersion = 7.1;
					};
				};
			};
			buildConfigurationList = 85AFF0FC1D1B64A900B0D27F /* Build configuration list for PBXProject "LOLHeroShow" */;
			compatibilityVersion = "Xcode 3.2";
			developmentRegion = English;
			hasScannedForEncodings = 0;
			knownRegions = (
				en,
				Base,
			);
			mainGroup = 85AFF0F81D1B64A900B0D27F;
			productRefGroup = 85AFF1021D1B64A900B0D27F /* Products */;
			projectDirPath = "";
			projectRoot = "";
			targets = (
				85AFF1001D1B64A900B0D27F /* LOLHeroShow */,
			);
		};
/* End PBXProject section */

/* Begin PBXResourcesBuildPhase section */
		85AFF0FF1D1B64A900B0D27F /* Resources */ = {
			isa = PBXResourcesBuildPhase;
			buildActionMask = 2147483647;
			files = (
				85B6D7111D20C03300A77158 /* 11.png in Resources */,
				85AFF1111D1B64A900B0D27F /* Assets.xcassets in Resources */,
				85DB41BD1D20F8A00045DA86 /* AllHeroTableViewCell.xib in Resources */,
				85DB41BF1D20F8A00045DA86 /* MyHeroTableViewCell.xib in Resources */,
				85AFF11C1D1BFCF500B0D27F /* PodFile in Resources */,
				85DB41AF1D20DCAB0045DA86 /* HeroDescriptionTableViewController.xib in Resources */,
				85B6D7141D20C14100A77158 /* u=3934249749,1870158272&fm=21&gp=0.jpg in Resources */,
				85DB41581D20D55B0045DA86 /* 叫我张小歪丶 - 英雄联盟语音串烧-1.mp3 in Resources */,
				85DB41A91D20DCAB0045DA86 /* HeroShowHubView.xib in Resources */,
				85E1AF4A1D1C20AC001823B5 /* MyCollectionViewCell.xib in Resources */,
				85B6D7151D20C14100A77158 /* u=2373384166,770149909&fm=21&gp=0.jpg in Resources */,
				85B6D70F1D20BCDC00A77158 /* Search (1).png in Resources */,
				85DB41C11D20F8A00045DA86 /* WeeklyFreeHeroTableViewCell.xib in Resources */,
			);
			runOnlyForDeploymentPostprocessing = 0;
		};
/* End PBXResourcesBuildPhase section */

/* Begin PBXShellScriptBuildPhase section */
		3443A113CCD0DBFEAD0FAEFC /* [CP] Check Pods Manifest.lock */ = {
			isa = PBXShellScriptBuildPhase;
			buildActionMask = 2147483647;
			files = (
			);
			inputPaths = (
			);
			name = "[CP] Check Pods Manifest.lock";
			outputPaths = (
			);
			runOnlyForDeploymentPostprocessing = 0;
			shellPath = /bin/sh;
			shellScript = "diff \"${PODS_ROOT}/../Podfile.lock\" \"${PODS_ROOT}/Manifest.lock\" > /dev/null\nif [[ $? != 0 ]] ; then\n    cat << EOM\nerror: The sandbox is not in sync with the Podfile.lock. Run 'pod install' or update your CocoaPods installation.\nEOM\n    exit 1\nfi\n";
			showEnvVarsInLog = 0;
		};
		8D40C0F6F7D56916A4E43289 /* [CP] Copy Pods Resources */ = {
			isa = PBXShellScriptBuildPhase;
			buildActionMask = 2147483647;
			files = (
			);
			inputPaths = (
			);
			name = "[CP] Copy Pods Resources";
			outputPaths = (
			);
			runOnlyForDeploymentPostprocessing = 0;
			shellPath = /bin/sh;
			shellScript = "\"${SRCROOT}/Pods/Target Support Files/Pods-LOLHeroShow/Pods-LOLHeroShow-resources.sh\"\n";
			showEnvVarsInLog = 0;
		};
		93180E909AFD5C4DC649A0A6 /* [CP] Embed Pods Frameworks */ = {
			isa = PBXShellScriptBuildPhase;
			buildActionMask = 2147483647;
			files = (
			);
			inputPaths = (
			);
			name = "[CP] Embed Pods Frameworks";
			outputPaths = (
			);
			runOnlyForDeploymentPostprocessing = 0;
			shellPath = /bin/sh;
			shellScript = "\"${SRCROOT}/Pods/Target Support Files/Pods-LOLHeroShow/Pods-LOLHeroShow-frameworks.sh\"\n";
			showEnvVarsInLog = 0;
		};
/* End PBXShellScriptBuildPhase section */

/* Begin PBXSourcesBuildPhase section */
		85AFF0FD1D1B64A900B0D27F /* Sources */ = {
			isa = PBXSourcesBuildPhase;
			buildActionMask = 2147483647;
			files = (
				85DB41AE1D20DCAB0045DA86 /* HeroDescriptionTableViewController.m in Sources */,
				85DB41C01D20F8A00045DA86 /* WeeklyFreeHeroTableViewCell.m in Sources */,
				85AFF1091D1B64A900B0D27F /* AppDelegate.m in Sources */,
				85DB41A81D20DCAB0045DA86 /* HeroShowHubView.m in Sources */,
				85DB41BC1D20F8A00045DA86 /* AllHeroTableViewCell.m in Sources */,
				85E1AF551D1C2A88001823B5 /* WebViewController.m in Sources */,
				85E1AF451D1C1F78001823B5 /* SearchViewController.m in Sources */,
				85E1AF491D1C20AC001823B5 /* MyCollectionViewCell.m in Sources */,
				85E1AF521D1C23E4001823B5 /* Utils.m in Sources */,
				85E1AF4D1D1C216C001823B5 /* Video.m in Sources */,
				85AFF1061D1B64A900B0D27F /* main.m in Sources */,
				85DB41561D20D4F30045DA86 /* WelcomeLOLViewController.m in Sources */,
				85DB41BE1D20F8A00045DA86 /* MyHeroTableViewCell.m in Sources */,
			);
			runOnlyForDeploymentPostprocessing = 0;
		};
/* End PBXSourcesBuildPhase section */

/* Begin XCBuildConfiguration section */
		85AFF1161D1B64A900B0D27F /* Debug */ = {
			isa = XCBuildConfiguration;
			buildSettings = {
				ALWAYS_SEARCH_USER_PATHS = NO;
				CLANG_CXX_LANGUAGE_STANDARD = "gnu++0x";
				CLANG_CXX_LIBRARY = "libc++";
				CLANG_ENABLE_MODULES = YES;
				CLANG_ENABLE_OBJC_ARC = YES;
				CLANG_WARN_BOOL_CONVERSION = YES;
				CLANG_WARN_CONSTANT_CONVERSION = YES;
				CLANG_WARN_DIRECT_OBJC_ISA_USAGE = YES_ERROR;
				CLANG_WARN_EMPTY_BODY = YES;
				CLANG_WARN_ENUM_CONVERSION = YES;
				CLANG_WARN_INT_CONVERSION = YES;
				CLANG_WARN_OBJC_ROOT_CLASS = YES_ERROR;
				CLANG_WARN_UNREACHABLE_CODE = YES;
				CLANG_WARN__DUPLICATE_METHOD_MATCH = YES;
				"CODE_SIGN_IDENTITY[sdk=iphoneos*]" = "iPhone Developer";
				COPY_PHASE_STRIP = NO;
				DEBUG_INFORMATION_FORMAT = dwarf;
				ENABLE_STRICT_OBJC_MSGSEND = YES;
				ENABLE_TESTABILITY = YES;
				GCC_C_LANGUAGE_STANDARD = gnu99;
				GCC_DYNAMIC_NO_PIC = NO;
				GCC_NO_COMMON_BLOCKS = YES;
				GCC_OPTIMIZATION_LEVEL = 0;
				GCC_PREPROCESSOR_DEFINITIONS = (
					"DEBUG=1",
					"$(inherited)",
				);
				GCC_WARN_64_TO_32_BIT_CONVERSION = YES;
				GCC_WARN_ABOUT_RETURN_TYPE = YES_ERROR;
				GCC_WARN_UNDECLARED_SELECTOR = YES;
				GCC_WARN_UNINITIALIZED_AUTOS = YES_AGGRESSIVE;
				GCC_WARN_UNUSED_FUNCTION = YES;
				GCC_WARN_UNUSED_VARIABLE = YES;
				IPHONEOS_DEPLOYMENT_TARGET = 9.1;
				MTL_ENABLE_DEBUG_INFO = YES;
				ONLY_ACTIVE_ARCH = YES;
				SDKROOT = iphoneos;
			};
			name = Debug;
		};
		85AFF1171D1B64A900B0D27F /* Release */ = {
			isa = XCBuildConfiguration;
			buildSettings = {
				ALWAYS_SEARCH_USER_PATHS = NO;
				CLANG_CXX_LANGUAGE_STANDARD = "gnu++0x";
				CLANG_CXX_LIBRARY = "libc++";
				CLANG_ENABLE_MODULES = YES;
				CLANG_ENABLE_OBJC_ARC = YES;
				CLANG_WARN_BOOL_CONVERSION = YES;
				CLANG_WARN_CONSTANT_CONVERSION = YES;
				CLANG_WARN_DIRECT_OBJC_ISA_USAGE = YES_ERROR;
				CLANG_WARN_EMPTY_BODY = YES;
				CLANG_WARN_ENUM_CONVERSION = YES;
				CLANG_WARN_INT_CONVERSION = YES;
				CLANG_WARN_OBJC_ROOT_CLASS = YES_ERROR;
				CLANG_WARN_UNREACHABLE_CODE = YES;
				CLANG_WARN__DUPLICATE_METHOD_MATCH = YES;
				"CODE_SIGN_IDENTITY[sdk=iphoneos*]" = "iPhone Developer";
				COPY_PHASE_STRIP = NO;
				DEBUG_INFORMATION_FORMAT = "dwarf-with-dsym";
				ENABLE_NS_ASSERTIONS = NO;
				ENABLE_STRICT_OBJC_MSGSEND = YES;
				GCC_C_LANGUAGE_STANDARD = gnu99;
				GCC_NO_COMMON_BLOCKS = YES;
				GCC_WARN_64_TO_32_BIT_CONVERSION = YES;
				GCC_WARN_ABOUT_RETURN_TYPE = YES_ERROR;
				GCC_WARN_UNDECLARED_SELECTOR = YES;
				GCC_WARN_UNINITIALIZED_AUTOS = YES_AGGRESSIVE;
				GCC_WARN_UNUSED_FUNCTION = YES;
				GCC_WARN_UNUSED_VARIABLE = YES;
				IPHONEOS_DEPLOYMENT_TARGET = 9.1;
				MTL_ENABLE_DEBUG_INFO = NO;
				SDKROOT = iphoneos;
				VALIDATE_PRODUCT = YES;
			};
			name = Release;
		};
		85AFF1191D1B64A900B0D27F /* Debug */ = {
			isa = XCBuildConfiguration;
			baseConfigurationReference = F211FCA7E9A64C450334D7F2 /* Pods-LOLHeroShow.debug.xcconfig */;
			buildSettings = {
				ASSETCATALOG_COMPILER_APPICON_NAME = AppIcon;
				INFOPLIST_FILE = LOLHeroShow/Info.plist;
				LD_RUNPATH_SEARCH_PATHS = "$(inherited) @executable_path/Frameworks";
				PRODUCT_BUNDLE_IDENTIFIER = "com.e-taiyun.LOLHeroShow";
				PRODUCT_NAME = "$(TARGET_NAME)";
			};
			name = Debug;
		};
		85AFF11A1D1B64A900B0D27F /* Release */ = {
			isa = XCBuildConfiguration;
			baseConfigurationReference = 4023D80B43B49BFD660BE9AB /* Pods-LOLHeroShow.release.xcconfig */;
			buildSettings = {
				ASSETCATALOG_COMPILER_APPICON_NAME = AppIcon;
				INFOPLIST_FILE = LOLHeroShow/Info.plist;
				LD_RUNPATH_SEARCH_PATHS = "$(inherited) @executable_path/Frameworks";
				PRODUCT_BUNDLE_IDENTIFIER = "com.e-taiyun.LOLHeroShow";
				PRODUCT_NAME = "$(TARGET_NAME)";
			};
			name = Release;
		};
/* End XCBuildConfiguration section */

/* Begin XCConfigurationList section */
		85AFF0FC1D1B64A900B0D27F /* Build configuration list for PBXProject "LOLHeroShow" */ = {
			isa = XCConfigurationList;
			buildConfigurations = (
				85AFF1161D1B64A900B0D27F /* Debug */,
				85AFF1171D1B64A900B0D27F /* Release */,
			);
			defaultConfigurationIsVisible = 0;
			defaultConfigurationName = Release;
		};
		85AFF1181D1B64A900B0D27F /* Build configuration list for PBXNativeTarget "LOLHeroShow" */ = {
			isa = XCConfigurationList;
			buildConfigurations = (
				85AFF1191D1B64A900B0D27F /* Debug */,
				85AFF11A1D1B64A900B0D27F /* Release */,
			);
			defaultConfigurationIsVisible = 0;
			defaultConfigurationName = Release;
		};
/* End XCConfigurationList section */
	};
	rootObject = 85AFF0F91D1B64A900B0D27F /* Project object */;
}
